// !$*UTF8*$!
{
	archiveVersion = 1;
	classes = {
	};
	objectVersion = 56;
	objects = {

/* Begin PBXBuildFile section */
		32A5959E2C354F0B00A365CE /* AppDelegate.swift in Sources */ = {isa = PBXBuildFile; fileRef = 32A5959D2C354F0B00A365CE /* AppDelegate.swift */; };
		32A595A02C354F0B00A365CE /* SceneDelegate.swift in Sources */ = {isa = PBXBuildFile; fileRef = 32A5959F2C354F0B00A365CE /* SceneDelegate.swift */; };
		32A595A22C354F0B00A365CE /* ViewController.swift in Sources */ = {isa = PBXBuildFile; fileRef = 32A595A12C354F0B00A365CE /* ViewController.swift */; };
		32A595A52C354F0C00A365CE /* Main.storyboard in Resources */ = {isa = PBXBuildFile; fileRef = 32A595A32C354F0C00A365CE /* Main.storyboard */; };
		32A595A72C354F0E00A365CE /* Assets.xcassets in Resources */ = {isa = PBXBuildFile; fileRef = 32A595A62C354F0E00A365CE /* Assets.xcassets */; };
		32A595AA2C354F0E00A365CE /* LaunchScreen.storyboard in Resources */ = {isa = PBXBuildFile; fileRef = 32A595A82C354F0E00A365CE /* LaunchScreen.storyboard */; };
		487D48692E6EB31900D85D74 /* SegmentCleverTap in Frameworks */ = {isa = PBXBuildFile; productRef = 487D48682E6EB31900D85D74 /* SegmentCleverTap */; };
		48ADC5502E548EE900BD922F /* SegmentCleverTap in Frameworks */ = {isa = PBXBuildFile; productRef = 48ADC54F2E548EE900BD922F /* SegmentCleverTap */; };
/* End PBXBuildFile section */

/* Begin PBXFileReference section */
		32A5959A2C354F0B00A365CE /* ExampleSPM.app */ = {isa = PBXFileReference; explicitFileType = wrapper.application; includeInIndex = 0; path = ExampleSPM.app; sourceTree = BUILT_PRODUCTS_DIR; };
		32A5959D2C354F0B00A365CE /* AppDelegate.swift */ = {isa = PBXFileReference; lastKnownFileType = sourcecode.swift; path = AppDelegate.swift; sourceTree = "<group>"; };
		32A5959F2C354F0B00A365CE /* SceneDelegate.swift */ = {isa = PBXFileReference; lastKnownFileType = sourcecode.swift; path = SceneDelegate.swift; sourceTree = "<group>"; };
		32A595A12C354F0B00A365CE /* ViewController.swift */ = {isa = PBXFileReference; lastKnownFileType = sourcecode.swift; path = ViewController.swift; sourceTree = "<group>"; };
		32A595A42C354F0C00A365CE /* Base */ = {isa = PBXFileReference; lastKnownFileType = file.storyboard; name = Base; path = Base.lproj/Main.storyboard; sourceTree = "<group>"; };
		32A595A62C354F0E00A365CE /* Assets.xcassets */ = {isa = PBXFileReference; lastKnownFileType = folder.assetcatalog; path = Assets.xcassets; sourceTree = "<group>"; };
		32A595A92C354F0E00A365CE /* Base */ = {isa = PBXFileReference; lastKnownFileType = file.storyboard; name = Base; path = Base.lproj/LaunchScreen.storyboard; sourceTree = "<group>"; };
		32A595AB2C354F0E00A365CE /* Info.plist */ = {isa = PBXFileReference; lastKnownFileType = text.plist.xml; path = Info.plist; sourceTree = "<group>"; };
		487D48662E6AB28700D85D74 /* ExampleSPM.entitlements */ = {isa = PBXFileReference; lastKnownFileType = text.plist.entitlements; path = ExampleSPM.entitlements; sourceTree = "<group>"; };
/* End PBXFileReference section */

/* Begin PBXFrameworksBuildPhase section */
		32A595972C354F0B00A365CE /* Frameworks */ = {
			isa = PBXFrameworksBuildPhase;
			buildActionMask = 2147483647;
			files = (
				48ADC5502E548EE900BD922F /* SegmentCleverTap in Frameworks */,
				487D48692E6EB31900D85D74 /* SegmentCleverTap in Frameworks */,
			);
			runOnlyForDeploymentPostprocessing = 0;
		};
/* End PBXFrameworksBuildPhase section */

/* Begin PBXGroup section */
		32A595912C354F0B00A365CE = {
			isa = PBXGroup;
			children = (
				32A5959C2C354F0B00A365CE /* ExampleSPM */,
				32A5959B2C354F0B00A365CE /* Products */,
			);
			sourceTree = "<group>";
		};
		32A5959B2C354F0B00A365CE /* Products */ = {
			isa = PBXGroup;
			children = (
				32A5959A2C354F0B00A365CE /* ExampleSPM.app */,
			);
			name = Products;
			sourceTree = "<group>";
		};
		32A5959C2C354F0B00A365CE /* ExampleSPM */ = {
			isa = PBXGroup;
			children = (
				487D48662E6AB28700D85D74 /* ExampleSPM.entitlements */,
				32A5959D2C354F0B00A365CE /* AppDelegate.swift */,
				32A5959F2C354F0B00A365CE /* SceneDelegate.swift */,
				32A595A12C354F0B00A365CE /* ViewController.swift */,
				32A595A32C354F0C00A365CE /* Main.storyboard */,
				32A595A62C354F0E00A365CE /* Assets.xcassets */,
				32A595A82C354F0E00A365CE /* LaunchScreen.storyboard */,
				32A595AB2C354F0E00A365CE /* Info.plist */,
			);
			path = ExampleSPM;
			sourceTree = "<group>";
		};
/* End PBXGroup section */

/* Begin PBXNativeTarget section */
		32A595992C354F0B00A365CE /* ExampleSPM */ = {
			isa = PBXNativeTarget;
			buildConfigurationList = 32A595AE2C354F0E00A365CE /* Build configuration list for PBXNativeTarget "ExampleSPM" */;
			buildPhases = (
				32A595962C354F0B00A365CE /* Sources */,
				32A595972C354F0B00A365CE /* Frameworks */,
				32A595982C354F0B00A365CE /* Resources */,
			);
			buildRules = (
			);
			dependencies = (
			);
			name = ExampleSPM;
			packageProductDependencies = (
				48ADC54F2E548EE900BD922F /* SegmentCleverTap */,
				487D48682E6EB31900D85D74 /* SegmentCleverTap */,
			);
			productName = ExampleSPM;
			productReference = 32A5959A2C354F0B00A365CE /* ExampleSPM.app */;
			productType = "com.apple.product-type.application";
		};
/* End PBXNativeTarget section */

/* Begin PBXProject section */
		32A595922C354F0B00A365CE /* Project object */ = {
			isa = PBXProject;
			attributes = {
				BuildIndependentTargetsInParallel = 1;
				LastSwiftUpdateCheck = 1500;
				LastUpgradeCheck = 1500;
				TargetAttributes = {
					32A595992C354F0B00A365CE = {
						CreatedOnToolsVersion = 15.0;
					};
				};
			};
			buildConfigurationList = 32A595952C354F0B00A365CE /* Build configuration list for PBXProject "ExampleSPM" */;
			compatibilityVersion = "Xcode 14.0";
			developmentRegion = en;
			hasScannedForEncodings = 0;
			knownRegions = (
				en,
				Base,
			);
			mainGroup = 32A595912C354F0B00A365CE;
			packageReferences = (
				487D48672E6EB31900D85D74 /* XCRemoteSwiftPackageReference "clevertap-segment-swift" */,
			);
			productRefGroup = 32A5959B2C354F0B00A365CE /* Products */;
			projectDirPath = "";
			projectRoot = "";
			targets = (
				32A595992C354F0B00A365CE /* ExampleSPM */,
			);
		};
/* End PBXProject section */

/* Begin PBXResourcesBuildPhase section */
		32A595982C354F0B00A365CE /* Resources */ = {
			isa = PBXResourcesBuildPhase;
			buildActionMask = 2147483647;
			files = (
				32A595AA2C354F0E00A365CE /* LaunchScreen.storyboard in Resources */,
				32A595A72C354F0E00A365CE /* Assets.xcassets in Resources */,
				32A595A52C354F0C00A365CE /* Main.storyboard in Resources */,
			);
			runOnlyForDeploymentPostprocessing = 0;
		};
/* End PBXResourcesBuildPhase section */

/* Begin PBXSourcesBuildPhase section */
		32A595962C354F0B00A365CE /* Sources */ = {
			isa = PBXSourcesBuildPhase;
			buildActionMask = 2147483647;
			files = (
				32A595A22C354F0B00A365CE /* ViewController.swift in Sources */,
				32A5959E2C354F0B00A365CE /* AppDelegate.swift in Sources */,
				32A595A02C354F0B00A365CE /* SceneDelegate.swift in Sources */,
			);
			runOnlyForDeploymentPostprocessing = 0;
		};
/* End PBXSourcesBuildPhase section */

/* Begin PBXVariantGroup section */
		32A595A32C354F0C00A365CE /* Main.storyboard */ = {
			isa = PBXVariantGroup;
			children = (
				32A595A42C354F0C00A365CE /* Base */,
			);
			name = Main.storyboard;
			sourceTree = "<group>";
		};
		32A595A82C354F0E00A365CE /* LaunchScreen.storyboard */ = {
			isa = PBXVariantGroup;
			children = (
				32A595A92C354F0E00A365CE /* Base */,
			);
			name = LaunchScreen.storyboard;
			sourceTree = "<group>";
		};
/* End PBXVariantGroup section */

/* Begin XCBuildConfiguration section */
		32A595AC2C354F0E00A365CE /* Debug */ = {
			isa = XCBuildConfiguration;
			buildSettings = {
				ALWAYS_SEARCH_USER_PATHS = NO;
				ASSETCATALOG_COMPILER_GENERATE_SWIFT_ASSET_SYMBOL_EXTENSIONS = YES;
				CLANG_ANALYZER_NONNULL = YES;
				CLANG_ANALYZER_NUMBER_OBJECT_CONVERSION = YES_AGGRESSIVE;
				CLANG_CXX_LANGUAGE_STANDARD = "gnu++20";
				CLANG_ENABLE_MODULES = YES;
				CLANG_ENABLE_OBJC_ARC = YES;
				CLANG_ENABLE_OBJC_WEAK = YES;
				CLANG_WARN_BLOCK_CAPTURE_AUTORELEASING = YES;
				CLANG_WARN_BOOL_CONVERSION = YES;
				CLANG_WARN_COMMA = YES;
				CLANG_WARN_CONSTANT_CONVERSION = YES;
				CLANG_WARN_DEPRECATED_OBJC_IMPLEMENTATIONS = YES;
				CLANG_WARN_DIRECT_OBJC_ISA_USAGE = YES_ERROR;
				CLANG_WARN_DOCUMENTATION_COMMENTS = YES;
				CLANG_WARN_EMPTY_BODY = YES;
				CLANG_WARN_ENUM_CONVERSION = YES;
				CLANG_WARN_INFINITE_RECURSION = YES;
				CLANG_WARN_INT_CONVERSION = YES;
				CLANG_WARN_NON_LITERAL_NULL_CONVERSION = YES;
				CLANG_WARN_OBJC_IMPLICIT_RETAIN_SELF = YES;
				CLANG_WARN_OBJC_LITERAL_CONVERSION = YES;
				CLANG_WARN_OBJC_ROOT_CLASS = YES_ERROR;
				CLANG_WARN_QUOTED_INCLUDE_IN_FRAMEWORK_HEADER = YES;
				CLANG_WARN_RANGE_LOOP_ANALYSIS = YES;
				CLANG_WARN_STRICT_PROTOTYPES = YES;
				CLANG_WARN_SUSPICIOUS_MOVE = YES;
				CLANG_WARN_UNGUARDED_AVAILABILITY = YES_AGGRESSIVE;
				CLANG_WARN_UNREACHABLE_CODE = YES;
				CLANG_WARN__DUPLICATE_METHOD_MATCH = YES;
				COPY_PHASE_STRIP = NO;
				DEBUG_INFORMATION_FORMAT = dwarf;
				ENABLE_STRICT_OBJC_MSGSEND = YES;
				ENABLE_TESTABILITY = YES;
				ENABLE_USER_SCRIPT_SANDBOXING = YES;
				GCC_C_LANGUAGE_STANDARD = gnu17;
				GCC_DYNAMIC_NO_PIC = NO;
				GCC_NO_COMMON_BLOCKS = YES;
				GCC_OPTIMIZATION_LEVEL = 0;
				GCC_PREPROCESSOR_DEFINITIONS = (
					"DEBUG=1",
					"$(inherited)",
				);
				GCC_WARN_64_TO_32_BIT_CONVERSION = YES;
				GCC_WARN_ABOUT_RETURN_TYPE = YES_ERROR;
				GCC_WARN_UNDECLARED_SELECTOR = YES;
				GCC_WARN_UNINITIALIZED_AUTOS = YES_AGGRESSIVE;
				GCC_WARN_UNUSED_FUNCTION = YES;
				GCC_WARN_UNUSED_VARIABLE = YES;
				IPHONEOS_DEPLOYMENT_TARGET = 17.0;
				LOCALIZATION_PREFERS_STRING_CATALOGS = YES;
				MTL_ENABLE_DEBUG_INFO = INCLUDE_SOURCE;
				MTL_FAST_MATH = YES;
				ONLY_ACTIVE_ARCH = YES;
				SDKROOT = iphoneos;
				SWIFT_ACTIVE_COMPILATION_CONDITIONS = "DEBUG $(inherited)";
				SWIFT_OPTIMIZATION_LEVEL = "-Onone";
			};
			name = Debug;
		};
		32A595AD2C354F0E00A365CE /* Release */ = {
			isa = XCBuildConfiguration;
			buildSettings = {
				ALWAYS_SEARCH_USER_PATHS = NO;
				ASSETCATALOG_COMPILER_GENERATE_SWIFT_ASSET_SYMBOL_EXTENSIONS = YES;
				CLANG_ANALYZER_NONNULL = YES;
				CLANG_ANALYZER_NUMBER_OBJECT_CONVERSION = YES_AGGRESSIVE;
				CLANG_CXX_LANGUAGE_STANDARD = "gnu++20";
				CLANG_ENABLE_MODULES = YES;
				CLANG_ENABLE_OBJC_ARC = YES;
				CLANG_ENABLE_OBJC_WEAK = YES;
				CLANG_WARN_BLOCK_CAPTURE_AUTORELEASING = YES;
				CLANG_WARN_BOOL_CONVERSION = YES;
				CLANG_WARN_COMMA = YES;
				CLANG_WARN_CONSTANT_CONVERSION = YES;
				CLANG_WARN_DEPRECATED_OBJC_IMPLEMENTATIONS = YES;
				CLANG_WARN_DIRECT_OBJC_ISA_USAGE = YES_ERROR;
				CLANG_WARN_DOCUMENTATION_COMMENTS = YES;
				CLANG_WARN_EMPTY_BODY = YES;
				CLANG_WARN_ENUM_CONVERSION = YES;
				CLANG_WARN_INFINITE_RECURSION = YES;
				CLANG_WARN_INT_CONVERSION = YES;
				CLANG_WARN_NON_LITERAL_NULL_CONVERSION = YES;
				CLANG_WARN_OBJC_IMPLICIT_RETAIN_SELF = YES;
				CLANG_WARN_OBJC_LITERAL_CONVERSION = YES;
				CLANG_WARN_OBJC_ROOT_CLASS = YES_ERROR;
				CLANG_WARN_QUOTED_INCLUDE_IN_FRAMEWORK_HEADER = YES;
				CLANG_WARN_RANGE_LOOP_ANALYSIS = YES;
				CLANG_WARN_STRICT_PROTOTYPES = YES;
				CLANG_WARN_SUSPICIOUS_MOVE = YES;
				CLANG_WARN_UNGUARDED_AVAILABILITY = YES_AGGRESSIVE;
				CLANG_WARN_UNREACHABLE_CODE = YES;
				CLANG_WARN__DUPLICATE_METHOD_MATCH = YES;
				COPY_PHASE_STRIP = NO;
				DEBUG_INFORMATION_FORMAT = "dwarf-with-dsym";
				ENABLE_NS_ASSERTIONS = NO;
				ENABLE_STRICT_OBJC_MSGSEND = YES;
				ENABLE_USER_SCRIPT_SANDBOXING = YES;
				GCC_C_LANGUAGE_STANDARD = gnu17;
				GCC_NO_COMMON_BLOCKS = YES;
				GCC_WARN_64_TO_32_BIT_CONVERSION = YES;
				GCC_WARN_ABOUT_RETURN_TYPE = YES_ERROR;
				GCC_WARN_UNDECLARED_SELECTOR = YES;
				GCC_WARN_UNINITIALIZED_AUTOS = YES_AGGRESSIVE;
				GCC_WARN_UNUSED_FUNCTION = YES;
				GCC_WARN_UNUSED_VARIABLE = YES;
				IPHONEOS_DEPLOYMENT_TARGET = 17.0;
				LOCALIZATION_PREFERS_STRING_CATALOGS = YES;
				MTL_ENABLE_DEBUG_INFO = NO;
				MTL_FAST_MATH = YES;
				SDKROOT = iphoneos;
				SWIFT_COMPILATION_MODE = wholemodule;
				VALIDATE_PRODUCT = YES;
			};
			name = Release;
		};
		32A595AF2C354F0E00A365CE /* Debug */ = {
			isa = XCBuildConfiguration;
			buildSettings = {
				ASSETCATALOG_COMPILER_APPICON_NAME = AppIcon;
				ASSETCATALOG_COMPILER_GLOBAL_ACCENT_COLOR_NAME = AccentColor;
				CODE_SIGN_ENTITLEMENTS = ExampleSPM/ExampleSPM.entitlements;
				CODE_SIGN_STYLE = Automatic;
				CURRENT_PROJECT_VERSION = 1;
				DEVELOPMENT_TEAM = A5J34NR598;
				GENERATE_INFOPLIST_FILE = YES;
				INFOPLIST_FILE = ExampleSPM/Info.plist;
				INFOPLIST_KEY_UIApplicationSupportsIndirectInputEvents = YES;
				INFOPLIST_KEY_UILaunchStoryboardName = LaunchScreen;
				INFOPLIST_KEY_UIMainStoryboardFile = Main;
				INFOPLIST_KEY_UISupportedInterfaceOrientations_iPad = "UIInterfaceOrientationPortrait UIInterfaceOrientationPortraitUpsideDown UIInterfaceOrientationLandscapeLeft UIInterfaceOrientationLandscapeRight";
				INFOPLIST_KEY_UISupportedInterfaceOrientations_iPhone = "UIInterfaceOrientationPortrait UIInterfaceOrientationLandscapeLeft UIInterfaceOrientationLandscapeRight";
				IPHONEOS_DEPLOYMENT_TARGET = 15.6;
				LD_RUNPATH_SEARCH_PATHS = (
					"$(inherited)",
					"@executable_path/Frameworks",
				);
				MARKETING_VERSION = 1.0;
				PRODUCT_BUNDLE_IDENTIFIER = com.clevertap.BeardedRobot;
				PRODUCT_NAME = "$(TARGET_NAME)";
				SWIFT_EMIT_LOC_STRINGS = YES;
				SWIFT_VERSION = 5.0;
				TARGETED_DEVICE_FAMILY = "1,2";
			};
			name = Debug;
		};
		32A595B02C354F0E00A365CE /* Release */ = {
			isa = XCBuildConfiguration;
			buildSettings = {
				ASSETCATALOG_COMPILER_APPICON_NAME = AppIcon;
				ASSETCATALOG_COMPILER_GLOBAL_ACCENT_COLOR_NAME = AccentColor;
				CODE_SIGN_ENTITLEMENTS = ExampleSPM/ExampleSPM.entitlements;
				CODE_SIGN_STYLE = Automatic;
				CURRENT_PROJECT_VERSION = 1;
				DEVELOPMENT_TEAM = A5J34NR598;
				GENERATE_INFOPLIST_FILE = YES;
				INFOPLIST_FILE = ExampleSPM/Info.plist;
				INFOPLIST_KEY_UIApplicationSupportsIndirectInputEvents = YES;
				INFOPLIST_KEY_UILaunchStoryboardName = LaunchScreen;
				INFOPLIST_KEY_UIMainStoryboardFile = Main;
				INFOPLIST_KEY_UISupportedInterfaceOrientations_iPad = "UIInterfaceOrientationPortrait UIInterfaceOrientationPortraitUpsideDown UIInterfaceOrientationLandscapeLeft UIInterfaceOrientationLandscapeRight";
				INFOPLIST_KEY_UISupportedInterfaceOrientations_iPhone = "UIInterfaceOrientationPortrait UIInterfaceOrientationLandscapeLeft UIInterfaceOrientationLandscapeRight";
				IPHONEOS_DEPLOYMENT_TARGET = 15.6;
				LD_RUNPATH_SEARCH_PATHS = (
					"$(inherited)",
					"@executable_path/Frameworks",
				);
				MARKETING_VERSION = 1.0;
				PRODUCT_BUNDLE_IDENTIFIER = com.clevertap.BeardedRobot;
				PRODUCT_NAME = "$(TARGET_NAME)";
				SWIFT_EMIT_LOC_STRINGS = YES;
				SWIFT_VERSION = 5.0;
				TARGETED_DEVICE_FAMILY = "1,2";
			};
			name = Release;
		};
/* End XCBuildConfiguration section */

/* Begin XCConfigurationList section */
		32A595952C354F0B00A365CE /* Build configuration list for PBXProject "ExampleSPM" */ = {
			isa = XCConfigurationList;
			buildConfigurations = (
				32A595AC2C354F0E00A365CE /* Debug */,
				32A595AD2C354F0E00A365CE /* Release */,
			);
			defaultConfigurationIsVisible = 0;
			defaultConfigurationName = Release;
		};
		32A595AE2C354F0E00A365CE /* Build configuration list for PBXNativeTarget "ExampleSPM" */ = {
			isa = XCConfigurationList;
			buildConfigurations = (
				32A595AF2C354F0E00A365CE /* Debug */,
				32A595B02C354F0E00A365CE /* Release */,
			);
			defaultConfigurationIsVisible = 0;
			defaultConfigurationName = Release;
		};
/* End XCConfigurationList section */

/* Begin XCRemoteSwiftPackageReference section */
		487D48672E6EB31900D85D74 /* XCRemoteSwiftPackageReference "clevertap-segment-swift" */ = {
			isa = XCRemoteSwiftPackageReference;
			repositoryURL = "https://github.com/CleverTap/clevertap-segment-swift.git";
			requirement = {
				branch = "SDK-3861-Segment_Swift_Migration";
				kind = branch;
			};
		};
/* End XCRemoteSwiftPackageReference section */

/* Begin XCSwiftPackageProductDependency section */
		487D48682E6EB31900D85D74 /* SegmentCleverTap */ = {
			isa = XCSwiftPackageProductDependency;
			package = 487D48672E6EB31900D85D74 /* XCRemoteSwiftPackageReference "clevertap-segment-swift" */;
			productName = SegmentCleverTap;
		};
		48ADC54F2E548EE900BD922F /* SegmentCleverTap */ = {
			isa = XCSwiftPackageProductDependency;
			productName = SegmentCleverTap;
		};
/* End XCSwiftPackageProductDependency section */
	};
	rootObject = 32A595922C354F0B00A365CE /* Project object */;
}
